
Microsoft Visual Studio Solution File, Format Version 12.00
# Visual Studio 2012
Project("{FAE04EC0-301F-11D3-BF4B-00C04F79EFBC}") = "ShoelaceMVC", "ShoelaceMVC\ShoelaceMVC.csproj", "{ACE6C87E-0255-4124-9D75-EFB9CFA1939E}"
EndProject
Project("{FAE04EC0-301F-11D3-BF4B-00C04F79EFBC}") = "ShoelaceMVC.Tests", "ShoelaceMVC.Tests\ShoelaceMVC.Tests.csproj", "{69E570C6-3478-44DC-A326-A41BECF23D31}"
EndProject
Global
	GlobalSection(SolutionConfigurationPlatforms) = preSolution
		Debug|Any CPU = Debug|Any CPU
		Release|Any CPU = Release|Any CPU
	EndGlobalSection
	GlobalSection(ProjectConfigurationPlatforms) = postSolution
		{ACE6C87E-0255-4124-9D75-EFB9CFA1939E}.Debug|Any CPU.ActiveCfg = Debug|Any CPU
		{ACE6C87E-0255-4124-9D75-EFB9CFA1939E}.Debug|Any CPU.Build.0 = Debug|Any CPU
		{ACE6C87E-0255-4124-9D75-EFB9CFA1939E}.Release|Any CPU.ActiveCfg = Release|Any CPU
		{ACE6C87E-0255-4124-9D75-EFB9CFA1939E}.Release|Any CPU.Build.0 = Release|Any CPU
		{69E570C6-3478-44DC-A326-A41BECF23D31}.Debug|Any CPU.ActiveCfg = Debug|Any CPU
		{69E570C6-3478-44DC-A326-A41BECF23D31}.Debug|Any CPU.Build.0 = Debug|Any CPU
		{69E570C6-3478-44DC-A326-A41BECF23D31}.Release|Any CPU.ActiveCfg = Release|Any CPU
		{69E570C6-3478-44DC-A326-A41BECF23D31}.Release|Any CPU.Build.0 = Release|Any CPU
	EndGlobalSection
	GlobalSection(SolutionProperties) = preSolution
		HideSolutionNode = FALSE
	EndGlobalSection
EndGlobal
