
Microsoft Visual Studio Solution File, Format Version 12.00
# Visual Studio 2012
Project("{FAE04EC0-301F-11D3-BF4B-00C04F79EFBC}") = "MvcApplication1", "MvcApplication1\MvcApplication1.csproj", "{9AF592E2-BB13-4B02-90F8-65BDDB61E0DD}"
EndProject
Project("{FAE04EC0-301F-11D3-BF4B-00C04F79EFBC}") = "MvcApplication1.Tests", "MvcApplication1.Tests\MvcApplication1.Tests.csproj", "{0F2ED16E-0DD5-4465-AAC5-231EA3ACE27A}"
EndProject
Global
	GlobalSection(SolutionConfigurationPlatforms) = preSolution
		Debug|Any CPU = Debug|Any CPU
		Release|Any CPU = Release|Any CPU
	EndGlobalSection
	GlobalSection(ProjectConfigurationPlatforms) = postSolution
		{9AF592E2-BB13-4B02-90F8-65BDDB61E0DD}.Debug|Any CPU.ActiveCfg = Debug|Any CPU
		{9AF592E2-BB13-4B02-90F8-65BDDB61E0DD}.Debug|Any CPU.Build.0 = Debug|Any CPU
		{9AF592E2-BB13-4B02-90F8-65BDDB61E0DD}.Release|Any CPU.ActiveCfg = Release|Any CPU
		{9AF592E2-BB13-4B02-90F8-65BDDB61E0DD}.Release|Any CPU.Build.0 = Release|Any CPU
		{0F2ED16E-0DD5-4465-AAC5-231EA3ACE27A}.Debug|Any CPU.ActiveCfg = Debug|Any CPU
		{0F2ED16E-0DD5-4465-AAC5-231EA3ACE27A}.Debug|Any CPU.Build.0 = Debug|Any CPU
		{0F2ED16E-0DD5-4465-AAC5-231EA3ACE27A}.Release|Any CPU.ActiveCfg = Release|Any CPU
		{0F2ED16E-0DD5-4465-AAC5-231EA3ACE27A}.Release|Any CPU.Build.0 = Release|Any CPU
	EndGlobalSection
	GlobalSection(SolutionProperties) = preSolution
		HideSolutionNode = FALSE
	EndGlobalSection
EndGlobal
